
Microsoft Visual Studio Solution File, Format Version 12.00
# Visual Studio Version 17
VisualStudioVersion = 17.6.33815.320
MinimumVisualStudioVersion = 10.0.40219.1
Project("{FAE04EC0-301F-11D3-BF4B-00C04F79EFBC}") = "4153", "4153\4153.csproj", "{8072BEBA-D9E7-4832-AB15-7788D02BB315}"
EndProject
Global
	GlobalSection(SolutionConfigurationPlatforms) = preSolution
		Debug|Any CPU = Debug|Any CPU
		Release|Any CPU = Release|Any CPU
	EndGlobalSection
	GlobalSection(ProjectConfigurationPlatforms) = postSolution
		{8072BEBA-D9E7-4832-AB15-7788D02BB315}.Debug|Any CPU.ActiveCfg = Debug|Any CPU
		{8072BEBA-D9E7-4832-AB15-7788D02BB315}.Debug|Any CPU.Build.0 = Debug|Any CPU
		{8072BEBA-D9E7-4832-AB15-7788D02BB315}.Release|Any CPU.ActiveCfg = Release|Any CPU
		{8072BEBA-D9E7-4832-AB15-7788D02BB315}.Release|Any CPU.Build.0 = Release|Any CPU
	EndGlobalSection
	GlobalSection(SolutionProperties) = preSolution
		HideSolutionNode = FALSE
	EndGlobalSection
	GlobalSection(ExtensibilityGlobals) = postSolution
		SolutionGuid = {C6039C24-8A1E-4312-9759-D0D8766512E3}
	EndGlobalSection
EndGlobal
