
Microsoft Visual Studio Solution File, Format Version 12.00
# Visual Studio Version 17
VisualStudioVersion = 17.7.34302.85
MinimumVisualStudioVersion = 10.0.40219.1
Project("{FAE04EC0-301F-11D3-BF4B-00C04F79EFBC}") = "2740_S5", "2740_S5\2740_S5.csproj", "{853B9FA6-CF2B-4482-8383-12EBDE6C7C6F}"
EndProject
Global
	GlobalSection(SolutionConfigurationPlatforms) = preSolution
		Debug|Any CPU = Debug|Any CPU
		Release|Any CPU = Release|Any CPU
	EndGlobalSection
	GlobalSection(ProjectConfigurationPlatforms) = postSolution
		{853B9FA6-CF2B-4482-8383-12EBDE6C7C6F}.Debug|Any CPU.ActiveCfg = Debug|Any CPU
		{853B9FA6-CF2B-4482-8383-12EBDE6C7C6F}.Debug|Any CPU.Build.0 = Debug|Any CPU
		{853B9FA6-CF2B-4482-8383-12EBDE6C7C6F}.Release|Any CPU.ActiveCfg = Release|Any CPU
		{853B9FA6-CF2B-4482-8383-12EBDE6C7C6F}.Release|Any CPU.Build.0 = Release|Any CPU
	EndGlobalSection
	GlobalSection(SolutionProperties) = preSolution
		HideSolutionNode = FALSE
	EndGlobalSection
	GlobalSection(ExtensibilityGlobals) = postSolution
		SolutionGuid = {B2AF53D1-12F3-490D-86D9-B8A1767DBF1A}
	EndGlobalSection
EndGlobal
